{
  "nodes": {
    "nixpkgs": {
      "locked": {
        "lastModified": 1713970445,
        "narHash": "sha256-FQy+M/Wj6TT4BzvhXP8Q7XzfYPoYY4KhmSX5YoSNIV8=",
        "owner": "NixOS",
        "repo": "nixpkgs",
        "rev": "d171375d7786e41160a9cb0a226a99ee68738c14",
        "type": "github"
      },
      "original": {
        "owner": "NixOS",
        "repo": "nixpkgs",
        "type": "github"
      }
    },
    "root": {
      "inputs": {
        "nixpkgs": "nixpkgs"
      }
    }
  },
  "root": "root",
  "version": 7
}
